
Microsoft Visual Studio Solution File, Format Version 12.00
# Visual Studio Version 17
VisualStudioVersion = 17.14.36518.9 d17.14
MinimumVisualStudioVersion = 10.0.40219.1
Project("{FAE04EC0-301F-11D3-BF4B-00C04F79EFBC}") = "SmartNavigationMAD", "SmartNavigationMAD\SmartNavigationMAD.csproj", "{E31989E4-6584-4842-82A1-402434DC7D8B}"
EndProject
Global
	GlobalSection(SolutionConfigurationPlatforms) = preSolution
		Debug|Any CPU = Debug|Any CPU
		Release|Any CPU = Release|Any CPU
	EndGlobalSection
	GlobalSection(ProjectConfigurationPlatforms) = postSolution
		{E31989E4-6584-4842-82A1-402434DC7D8B}.Debug|Any CPU.ActiveCfg = Debug|Any CPU
		{E31989E4-6584-4842-82A1-402434DC7D8B}.Debug|Any CPU.Build.0 = Debug|Any CPU
		{E31989E4-6584-4842-82A1-402434DC7D8B}.Release|Any CPU.ActiveCfg = Release|Any CPU
		{E31989E4-6584-4842-82A1-402434DC7D8B}.Release|Any CPU.Build.0 = Release|Any CPU
	EndGlobalSection
	GlobalSection(SolutionProperties) = preSolution
		HideSolutionNode = FALSE
	EndGlobalSection
	GlobalSection(ExtensibilityGlobals) = postSolution
		SolutionGuid = {5BBEB964-A81B-440F-967D-967471C2F5BD}
	EndGlobalSection
EndGlobal
